{
  "name": "playwrightmcp",
  "version": "1.0.0",
  "lockfileVersion": 3,
  "requires": true,
  "packages": {
    "": {
      "name": "playwrightmcp",
      "version": "1.0.0",
      "license": "ISC",
      "dependencies": {
        "@playwright/mcp": "^0.0.70",
        "dotenv": "^16.3.1"
      },
      "devDependencies": {
        "@playwright/test": "^1.59.1",
        "@types/node": "^25.5.0"
      }
    },
    "node_modules/@playwright/mcp": {
      "version": "0.0.70",
      "resolved": "https://registry.npmjs.org/@playwright/mcp/-/mcp-0.0.70.tgz",
      "integrity": "sha512-Kl0a6l9VL8rvT1oBou3hS5yArjwWV9UlwAkq+0skfK1YVg8XfmmNaAmwZhMeNx/ZhGiWXfCllo6rD/jvZz+WuA==",
      "license": "Apache-2.0",
      "dependencies": {
        "playwright": "1.60.0-alpha-1774999321000",
        "playwright-core": "1.60.0-alpha-1774999321000"
      },
      "bin": {
        "playwright-mcp": "cli.js"
      },
      "engines": {
        "node": ">=18"
      }
    },
    "node_modules/@playwright/mcp/node_modules/playwright": {
      "version": "1.60.0-alpha-1774999321000",
      "resolved": "https://registry.npmjs.org/playwright/-/playwright-1.60.0-alpha-1774999321000.tgz",
      "integrity": "sha512-Bd5DkzYKG+2g1jLO6NeTXmGLbBYSFffJIOsR4l4hUBkJvzvGGdLZ7jZb2tOtb0WIoWXQKdQj3Ap6WthV4DBS8w==",
      "license": "Apache-2.0",
      "dependencies": {
        "playwright-core": "1.60.0-alpha-1774999321000"
      },
      "bin": {
        "playwright": "cli.js"
      },
      "engines": {
        "node": ">=18"
      },
      "optionalDependencies": {
        "fsevents": "2.3.2"
      }
    },
    "node_modules/@playwright/mcp/node_modules/playwright-core": {
      "version": "1.60.0-alpha-1774999321000",
      "resolved": "https://registry.npmjs.org/playwright-core/-/playwright-core-1.60.0-alpha-1774999321000.tgz",
      "integrity": "sha512-ams3Zo4VXxeOg5ZTTh16GkE8g48Bmxo/9pg9gXl9SVKlVohCU7Jaog7XntY8yFuzENA6dJc1Fz7Z/NNTm9nGEw==",
      "license": "Apache-2.0",
      "bin": {
        "playwright-core": "cli.js"
      },
      "engines": {
        "node": ">=18"
      }
    },
    "node_modules/@playwright/test": {
      "version": "1.59.1",
      "resolved": "https://registry.npmjs.org/@playwright/test/-/test-1.59.1.tgz",
      "integrity": "sha512-PG6q63nQg5c9rIi4/Z5lR5IVF7yU5MqmKaPOe0HSc0O2cX1fPi96sUQu5j7eo4gKCkB2AnNGoWt7y4/Xx3Kcqg==",
      "dev": true,
      "license": "Apache-2.0",
      "dependencies": {
        "playwright": "1.59.1"
      },
      "bin": {
        "playwright": "cli.js"
      },
      "engines": {
        "node": ">=18"
      }
    },
    "node_modules/@types/node": {
      "version": "25.5.0",
      "resolved": "https://registry.npmjs.org/@types/node/-/node-25.5.0.tgz",
      "integrity": "sha512-jp2P3tQMSxWugkCUKLRPVUpGaL5MVFwF8RDuSRztfwgN1wmqJeMSbKlnEtQqU8UrhTmzEmZdu2I6v2dpp7XIxw==",
      "dev": true,
      "license": "MIT",
      "dependencies": {
        "undici-types": "~7.18.0"
      }
    },
    "node_modules/dotenv": {
      "version": "16.6.1",
      "resolved": "https://registry.npmjs.org/dotenv/-/dotenv-16.6.1.tgz",
      "integrity": "sha512-uBq4egWHTcTt33a72vpSG0z3HnPuIl6NqYcTrKEg2azoEyl2hpW0zqlxysq2pK9HlDIHyHyakeYaYnSAwd8bow==",
      "license": "BSD-2-Clause",
      "engines": {
        "node": ">=12"
      },
      "funding": {
        "url": "https://dotenvx.com"
      }
    },
    "node_modules/fsevents": {
      "version": "2.3.2",
      "resolved": "https://registry.npmjs.org/fsevents/-/fsevents-2.3.2.tgz",
      "integrity": "sha512-xiqMQR4xAeHTuB9uWm+fFRcIOgKBMiOBP+eXiyT7jsgVCq1bkVygt00oASowB7EdtpOHaaPgKt812P9ab+DDKA==",
      "hasInstallScript": true,
      "license": "MIT",
      "optional": true,
      "os": [
        "darwin"
      ],
      "engines": {
        "node": "^8.16.0 || ^10.6.0 || >=11.0.0"
      }
    },
    "node_modules/playwright": {
      "version": "1.59.1",
      "resolved": "https://registry.npmjs.org/playwright/-/playwright-1.59.1.tgz",
      "integrity": "sha512-C8oWjPR3F81yljW9o5OxcWzfh6avkVwDD2VYdwIGqTkl+OGFISgypqzfu7dOe4QNLL2aqcWBmI3PMtLIK233lw==",
      "dev": true,
      "license": "Apache-2.0",
      "dependencies": {
        "playwright-core": "1.59.1"
      },
      "bin": {
        "playwright": "cli.js"
      },
      "engines": {
        "node": ">=18"
      },
      "optionalDependencies": {
        "fsevents": "2.3.2"
      }
    },
    "node_modules/playwright-core": {
      "version": "1.59.1",
      "resolved": "https://registry.npmjs.org/playwright-core/-/playwright-core-1.59.1.tgz",
      "integrity": "sha512-HBV/RJg81z5BiiZ9yPzIiClYV/QMsDCKUyogwH9p3MCP6IYjUFu/MActgYAvK0oWyV9NlwM3GLBjADyWgydVyg==",
      "dev": true,
      "license": "Apache-2.0",
      "bin": {
        "playwright-core": "cli.js"
      },
      "engines": {
        "node": ">=18"
      }
    },
    "node_modules/undici-types": {
      "version": "7.18.2",
      "resolved": "https://registry.npmjs.org/undici-types/-/undici-types-7.18.2.tgz",
      "integrity": "sha512-AsuCzffGHJybSaRrmr5eHr81mwJU3kjw6M+uprWvCXiNeN9SOGwQ3Jn8jb8m3Z6izVgknn1R0FTCEAP2QrLY/w==",
      "dev": true,
      "license": "MIT"
    }
  }
}
